{
  "name": "new-package",
  "version": "1.0.0",
  "lockfileVersion": 3,
  "requires": true,
  "packages": {
    "": {
      "name": "new-package",
      "version": "1.0.0",
      "license": "ISC",
      "dependencies": {
        "greet-tweilandt": "^1.0.0"
      }
    },
    "node_modules/greet-tweilandt": {
      "version": "1.0.0",
      "resolved": "https://registry.npmjs.org/greet-tweilandt/-/greet-tweilandt-1.0.0.tgz",
      "integrity": "sha512-fbt7WcpLGLptaW1Z1PF0lGeeMKj/iDQC9O3kBiPAiQecxaaLN7blqL6mZFNxvKRrjErHdYlF5L6X+e9sMOoB6A==",
      "dependencies": {
        "upper-case": "^2.0.2"
      }
    },
    "node_modules/tslib": {
      "version": "2.6.3",
      "resolved": "https://registry.npmjs.org/tslib/-/tslib-2.6.3.tgz",
      "integrity": "sha512-xNvxJEOUiWPGhUuUdQgAJPKOOJfGnIyKySOc09XkKsgdUV/3E2zvwZYdejjmRgPCgcym1juLH3226yA7sEFJKQ=="
    },
    "node_modules/upper-case": {
      "version": "2.0.2",
      "resolved": "https://registry.npmjs.org/upper-case/-/upper-case-2.0.2.tgz",
      "integrity": "sha512-KgdgDGJt2TpuwBUIjgG6lzw2GWFRCW9Qkfkiv0DxqHHLYJHmtmdUIKcZd8rHgFSjopVTlw6ggzCm1b8MFQwikg==",
      "dependencies": {
        "tslib": "^2.0.3"
      }
    }
  }
}
